
Microsoft Visual Studio Solution File, Format Version 12.00
# Visual Studio Version 17
VisualStudioVersion = 17.5.002.0
MinimumVisualStudioVersion = 10.0.40219.1
Project("{9A19103F-16F7-4668-BE54-9A1E7A4F7556}") = "project6-leetcode", "project6-leetcode.csproj", "{F41CDD64-67B2-454F-BE28-CCB296637797}"
EndProject
Global
	GlobalSection(SolutionConfigurationPlatforms) = preSolution
		Debug|Any CPU = Debug|Any CPU
		Release|Any CPU = Release|Any CPU
	EndGlobalSection
	GlobalSection(ProjectConfigurationPlatforms) = postSolution
		{F41CDD64-67B2-454F-BE28-CCB296637797}.Debug|Any CPU.ActiveCfg = Debug|Any CPU
		{F41CDD64-67B2-454F-BE28-CCB296637797}.Debug|Any CPU.Build.0 = Debug|Any CPU
		{F41CDD64-67B2-454F-BE28-CCB296637797}.Release|Any CPU.ActiveCfg = Release|Any CPU
		{F41CDD64-67B2-454F-BE28-CCB296637797}.Release|Any CPU.Build.0 = Release|Any CPU
	EndGlobalSection
	GlobalSection(SolutionProperties) = preSolution
		HideSolutionNode = FALSE
	EndGlobalSection
	GlobalSection(ExtensibilityGlobals) = postSolution
		SolutionGuid = {78BF1034-985B-4EFB-AE8C-205B87C17673}
	EndGlobalSection
EndGlobal
